
Microsoft Visual Studio Solution File, Format Version 12.00
# Visual Studio Version 17
VisualStudioVersion = 17.6.33829.357
MinimumVisualStudioVersion = 10.0.40219.1
Project("{FAE04EC0-301F-11D3-BF4B-00C04F79EFBC}") = "trip_fellow", "trip_fellow\trip_fellow.csproj", "{99E53004-AC99-4D9D-9393-759449404BC7}"
EndProject
Global
	GlobalSection(SolutionConfigurationPlatforms) = preSolution
		Debug|Any CPU = Debug|Any CPU
		Release|Any CPU = Release|Any CPU
	EndGlobalSection
	GlobalSection(ProjectConfigurationPlatforms) = postSolution
		{99E53004-AC99-4D9D-9393-759449404BC7}.Debug|Any CPU.ActiveCfg = Debug|Any CPU
		{99E53004-AC99-4D9D-9393-759449404BC7}.Debug|Any CPU.Build.0 = Debug|Any CPU
		{99E53004-AC99-4D9D-9393-759449404BC7}.Release|Any CPU.ActiveCfg = Release|Any CPU
		{99E53004-AC99-4D9D-9393-759449404BC7}.Release|Any CPU.Build.0 = Release|Any CPU
	EndGlobalSection
	GlobalSection(SolutionProperties) = preSolution
		HideSolutionNode = FALSE
	EndGlobalSection
	GlobalSection(ExtensibilityGlobals) = postSolution
		SolutionGuid = {E5C4823B-637B-437E-9AD9-E9399E3F02A9}
	EndGlobalSection
EndGlobal
